
Microsoft Visual Studio Solution File, Format Version 12.00
# Visual Studio Version 17
VisualStudioVersion = 17.14.36221.1 d17.14
MinimumVisualStudioVersion = 10.0.40219.1
Project("{FAE04EC0-301F-11D3-BF4B-00C04F79EFBC}") = "DemantApp", "DemantApp\DemantApp.csproj", "{EFA99680-16D1-40B4-B911-BFE1D59599CF}"
EndProject
Global
	GlobalSection(SolutionConfigurationPlatforms) = preSolution
		Debug|Any CPU = Debug|Any CPU
		Release|Any CPU = Release|Any CPU
	EndGlobalSection
	GlobalSection(ProjectConfigurationPlatforms) = postSolution
		{EFA99680-16D1-40B4-B911-BFE1D59599CF}.Debug|Any CPU.ActiveCfg = Debug|Any CPU
		{EFA99680-16D1-40B4-B911-BFE1D59599CF}.Debug|Any CPU.Build.0 = Debug|Any CPU
		{EFA99680-16D1-40B4-B911-BFE1D59599CF}.Release|Any CPU.ActiveCfg = Release|Any CPU
		{EFA99680-16D1-40B4-B911-BFE1D59599CF}.Release|Any CPU.Build.0 = Release|Any CPU
	EndGlobalSection
	GlobalSection(SolutionProperties) = preSolution
		HideSolutionNode = FALSE
	EndGlobalSection
	GlobalSection(ExtensibilityGlobals) = postSolution
		SolutionGuid = {D371CDFE-5ACB-4F37-B84C-A88877A1CBA9}
	EndGlobalSection
EndGlobal
